
Microsoft Visual Studio Solution File, Format Version 12.00
# Visual Studio Version 16
VisualStudioVersion = 16.0.31129.286
MinimumVisualStudioVersion = 10.0.40219.1
Project("{FAE04EC0-301F-11D3-BF4B-00C04F79EFBC}") = "CSBasic", "CSBasic\CSBasic.csproj", "{819F7833-067C-4FE6-910B-EAB343F2DC88}"
EndProject
Global
	GlobalSection(SolutionConfigurationPlatforms) = preSolution
		Debug|Any CPU = Debug|Any CPU
		Release|Any CPU = Release|Any CPU
	EndGlobalSection
	GlobalSection(ProjectConfigurationPlatforms) = postSolution
		{819F7833-067C-4FE6-910B-EAB343F2DC88}.Debug|Any CPU.ActiveCfg = Debug|Any CPU
		{819F7833-067C-4FE6-910B-EAB343F2DC88}.Debug|Any CPU.Build.0 = Debug|Any CPU
		{819F7833-067C-4FE6-910B-EAB343F2DC88}.Release|Any CPU.ActiveCfg = Release|Any CPU
		{819F7833-067C-4FE6-910B-EAB343F2DC88}.Release|Any CPU.Build.0 = Release|Any CPU
	EndGlobalSection
	GlobalSection(SolutionProperties) = preSolution
		HideSolutionNode = FALSE
	EndGlobalSection
	GlobalSection(ExtensibilityGlobals) = postSolution
		SolutionGuid = {D2B56CF4-45A3-41F8-8C07-4C8FD38730C3}
	EndGlobalSection
EndGlobal
