
Microsoft Visual Studio Solution File, Format Version 12.00
# Visual Studio Version 16
VisualStudioVersion = 16.0.31129.286
MinimumVisualStudioVersion = 10.0.40219.1
Project("{FAE04EC0-301F-11D3-BF4B-00C04F79EFBC}") = "CSBasic2", "CSBasic2\CSBasic2.csproj", "{6498B330-75C7-4EF1-9BFD-F329D9CC84CA}"
EndProject
Global
	GlobalSection(SolutionConfigurationPlatforms) = preSolution
		Debug|Any CPU = Debug|Any CPU
		Release|Any CPU = Release|Any CPU
	EndGlobalSection
	GlobalSection(ProjectConfigurationPlatforms) = postSolution
		{6498B330-75C7-4EF1-9BFD-F329D9CC84CA}.Debug|Any CPU.ActiveCfg = Debug|Any CPU
		{6498B330-75C7-4EF1-9BFD-F329D9CC84CA}.Debug|Any CPU.Build.0 = Debug|Any CPU
		{6498B330-75C7-4EF1-9BFD-F329D9CC84CA}.Release|Any CPU.ActiveCfg = Release|Any CPU
		{6498B330-75C7-4EF1-9BFD-F329D9CC84CA}.Release|Any CPU.Build.0 = Release|Any CPU
	EndGlobalSection
	GlobalSection(SolutionProperties) = preSolution
		HideSolutionNode = FALSE
	EndGlobalSection
	GlobalSection(ExtensibilityGlobals) = postSolution
		SolutionGuid = {177068CD-2EE2-471E-B07E-4D6FD21B0F36}
	EndGlobalSection
EndGlobal
